
Microsoft Visual Studio Solution File, Format Version 12.00
# Visual Studio Version 16
VisualStudioVersion = 16.0.28922.388
MinimumVisualStudioVersion = 10.0.40219.1
Project("{FAE04EC0-301F-11D3-BF4B-00C04F79EFBC}") = "Bear and Big Brother", "Bear and Big Brother\Bear and Big Brother.csproj", "{286F351B-08C6-4E2E-96DE-0B48AEE6F1C2}"
EndProject
Global
	GlobalSection(SolutionConfigurationPlatforms) = preSolution
		Debug|Any CPU = Debug|Any CPU
		Release|Any CPU = Release|Any CPU
	EndGlobalSection
	GlobalSection(ProjectConfigurationPlatforms) = postSolution
		{286F351B-08C6-4E2E-96DE-0B48AEE6F1C2}.Debug|Any CPU.ActiveCfg = Debug|Any CPU
		{286F351B-08C6-4E2E-96DE-0B48AEE6F1C2}.Debug|Any CPU.Build.0 = Debug|Any CPU
		{286F351B-08C6-4E2E-96DE-0B48AEE6F1C2}.Release|Any CPU.ActiveCfg = Release|Any CPU
		{286F351B-08C6-4E2E-96DE-0B48AEE6F1C2}.Release|Any CPU.Build.0 = Release|Any CPU
	EndGlobalSection
	GlobalSection(SolutionProperties) = preSolution
		HideSolutionNode = FALSE
	EndGlobalSection
	GlobalSection(ExtensibilityGlobals) = postSolution
		SolutionGuid = {7BB016CC-1E2B-4184-B0E5-D330128344AE}
	EndGlobalSection
EndGlobal
